
Microsoft Visual Studio Solution File, Format Version 12.00
# Visual Studio Version 16
VisualStudioVersion = 16.0.31702.278
MinimumVisualStudioVersion = 10.0.40219.1
Project("{A07B5EB6-E848-4116-A8D0-A826331D98C6}") = "MicroAC.ServiceFabric", "MicroAC.ServiceFabric\MicroAC.ServiceFabric.sfproj", "{6F9B2A25-C1E6-44E4-96DA-55EFB35EE017}"
EndProject
Project("{9A19103F-16F7-4668-BE54-9A1E7A4F7556}") = "MicroAC.Authentication", "MicroAC.Authentication\MicroAC.Authentication.csproj", "{4FA600F7-5785-4785-A4C4-9B6CDC79ED18}"
EndProject
Project("{9A19103F-16F7-4668-BE54-9A1E7A4F7556}") = "MicroAC.Authorization", "MicroAC.Authorization\MicroAC.Authorization.csproj", "{C5C2533B-E8E0-4940-9F30-C1A385ED7E0F}"
EndProject
Project("{9A19103F-16F7-4668-BE54-9A1E7A4F7556}") = "MicroAC.RequestManager", "MicroAC.RequestManager\MicroAC.RequestManager.csproj", "{08363525-6F70-415F-9E0B-D2A74009B5AF}"
EndProject
Project("{9A19103F-16F7-4668-BE54-9A1E7A4F7556}") = "MicroAC.Core", "MicroAC.Core\MicroAC.Core.csproj", "{00A2FD43-8A81-4BC3-A04E-A58A4B6D09F7}"
EndProject
Project("{9A19103F-16F7-4668-BE54-9A1E7A4F7556}") = "MicroAC.Persistence", "MicroAC.Persistence\MicroAC.Persistence.csproj", "{5ABCCC05-B6C3-45CE-9534-CCCDE317276D}"
EndProject
Project("{9A19103F-16F7-4668-BE54-9A1E7A4F7556}") = "Example.ResourceApi", "WebShopExample\Example.ResourceApi\Example.ResourceApi.csproj", "{91A09064-C1DE-4231-B3F0-4ABCFB10B926}"
EndProject
Project("{2150E333-8FDC-42A3-9474-1A3956D46DE8}") = "Solution Items", "Solution Items", "{3B7FF093-813F-4572-B39E-C4391C513BAC}"
	ProjectSection(SolutionItems) = preProject
		..\.gitignore = ..\.gitignore
		CodeMap.dgml = CodeMap.dgml
	EndProjectSection
EndProject
Project("{9A19103F-16F7-4668-BE54-9A1E7A4F7556}") = "Example.WebClient", "WebShopExample\Example.WebClient\Example.WebClient.csproj", "{3A410790-DDAE-4266-B83D-69598B1C43C6}"
EndProject
Project("{2150E333-8FDC-42A3-9474-1A3956D46DE8}") = "Tests", "Tests", "{36B3C8AB-99A5-4E78-9BE5-34C29E2A6092}"
EndProject
Project("{6EC3EE1D-3C4E-46DD-8F32-0CC8E7565705}") = "MicroAC.Performance.Tests", "..\Tests\MicroAC.Performance.Tests\MicroAC.Performance.Tests.fsproj", "{22CAFFF5-49BF-4819-9BAB-E24906EF2F6A}"
	ProjectSection(ProjectDependencies) = postProject
		{00A2FD43-8A81-4BC3-A04E-A58A4B6D09F7} = {00A2FD43-8A81-4BC3-A04E-A58A4B6D09F7}
	EndProjectSection
EndProject
Project("{2150E333-8FDC-42A3-9474-1A3956D46DE8}") = "WebShopExample", "WebShopExample", "{1DFCBD04-9623-4465-B283-15E72218502D}"
EndProject
Project("{9A19103F-16F7-4668-BE54-9A1E7A4F7556}") = "WebShop.Products", "WebShopExample\WebShop.Products\WebShop.Products.csproj", "{1811BB51-A4D1-43D5-8469-BF43B8F4F596}"
EndProject
Project("{9A19103F-16F7-4668-BE54-9A1E7A4F7556}") = "WebShop.IntegrationTests", "..\Tests\WebShop.IntegrationTests\WebShop.IntegrationTests.csproj", "{234BE945-7A58-48CC-BBD8-08324D5ED450}"
EndProject
Project("{9A19103F-16F7-4668-BE54-9A1E7A4F7556}") = "WebShop.Cart", "WebShopExample\WebShop.Cart\WebShop.Cart.csproj", "{7ECD279A-CF1A-4B85-9FEB-4498838EA310}"
EndProject
Project("{FAE04EC0-301F-11D3-BF4B-00C04F79EFBC}") = "WebShop.Orders", "WebShopExample\WebShop.Orders\WebShop.Orders.csproj", "{D26669FE-8A76-41F3-A1B0-4511696CC5AA}"
EndProject
Project("{FAE04EC0-301F-11D3-BF4B-00C04F79EFBC}") = "WebShop.Common", "WebShopExample\WebShop.Common\WebShop.Common.csproj", "{00566FBC-D527-46E7-9A13-D22D71E85EF4}"
EndProject
Global
	GlobalSection(SolutionConfigurationPlatforms) = preSolution
		Debug|Any CPU = Debug|Any CPU
		Debug|x64 = Debug|x64
		Release|Any CPU = Release|Any CPU
		Release|x64 = Release|x64
	EndGlobalSection
	GlobalSection(ProjectConfigurationPlatforms) = postSolution
		{6F9B2A25-C1E6-44E4-96DA-55EFB35EE017}.Debug|Any CPU.ActiveCfg = Debug|x64
		{6F9B2A25-C1E6-44E4-96DA-55EFB35EE017}.Debug|x64.ActiveCfg = Debug|x64
		{6F9B2A25-C1E6-44E4-96DA-55EFB35EE017}.Debug|x64.Build.0 = Debug|x64
		{6F9B2A25-C1E6-44E4-96DA-55EFB35EE017}.Debug|x64.Deploy.0 = Debug|x64
		{6F9B2A25-C1E6-44E4-96DA-55EFB35EE017}.Release|Any CPU.ActiveCfg = Release|x64
		{6F9B2A25-C1E6-44E4-96DA-55EFB35EE017}.Release|x64.ActiveCfg = Release|x64
		{6F9B2A25-C1E6-44E4-96DA-55EFB35EE017}.Release|x64.Build.0 = Release|x64
		{6F9B2A25-C1E6-44E4-96DA-55EFB35EE017}.Release|x64.Deploy.0 = Release|x64
		{4FA600F7-5785-4785-A4C4-9B6CDC79ED18}.Debug|Any CPU.ActiveCfg = Debug|Any CPU
		{4FA600F7-5785-4785-A4C4-9B6CDC79ED18}.Debug|Any CPU.Build.0 = Debug|Any CPU
		{4FA600F7-5785-4785-A4C4-9B6CDC79ED18}.Debug|x64.ActiveCfg = Debug|Any CPU
		{4FA600F7-5785-4785-A4C4-9B6CDC79ED18}.Debug|x64.Build.0 = Debug|Any CPU
		{4FA600F7-5785-4785-A4C4-9B6CDC79ED18}.Release|Any CPU.ActiveCfg = Release|Any CPU
		{4FA600F7-5785-4785-A4C4-9B6CDC79ED18}.Release|Any CPU.Build.0 = Release|Any CPU
		{4FA600F7-5785-4785-A4C4-9B6CDC79ED18}.Release|x64.ActiveCfg = Release|Any CPU
		{4FA600F7-5785-4785-A4C4-9B6CDC79ED18}.Release|x64.Build.0 = Release|Any CPU
		{C5C2533B-E8E0-4940-9F30-C1A385ED7E0F}.Debug|Any CPU.ActiveCfg = Debug|Any CPU
		{C5C2533B-E8E0-4940-9F30-C1A385ED7E0F}.Debug|Any CPU.Build.0 = Debug|Any CPU
		{C5C2533B-E8E0-4940-9F30-C1A385ED7E0F}.Debug|x64.ActiveCfg = Debug|Any CPU
		{C5C2533B-E8E0-4940-9F30-C1A385ED7E0F}.Debug|x64.Build.0 = Debug|Any CPU
		{C5C2533B-E8E0-4940-9F30-C1A385ED7E0F}.Release|Any CPU.ActiveCfg = Release|Any CPU
		{C5C2533B-E8E0-4940-9F30-C1A385ED7E0F}.Release|Any CPU.Build.0 = Release|Any CPU
		{C5C2533B-E8E0-4940-9F30-C1A385ED7E0F}.Release|x64.ActiveCfg = Release|Any CPU
		{C5C2533B-E8E0-4940-9F30-C1A385ED7E0F}.Release|x64.Build.0 = Release|Any CPU
		{08363525-6F70-415F-9E0B-D2A74009B5AF}.Debug|Any CPU.ActiveCfg = Debug|Any CPU
		{08363525-6F70-415F-9E0B-D2A74009B5AF}.Debug|Any CPU.Build.0 = Debug|Any CPU
		{08363525-6F70-415F-9E0B-D2A74009B5AF}.Debug|x64.ActiveCfg = Debug|Any CPU
		{08363525-6F70-415F-9E0B-D2A74009B5AF}.Debug|x64.Build.0 = Debug|Any CPU
		{08363525-6F70-415F-9E0B-D2A74009B5AF}.Release|Any CPU.ActiveCfg = Release|Any CPU
		{08363525-6F70-415F-9E0B-D2A74009B5AF}.Release|Any CPU.Build.0 = Release|Any CPU
		{08363525-6F70-415F-9E0B-D2A74009B5AF}.Release|x64.ActiveCfg = Release|Any CPU
		{08363525-6F70-415F-9E0B-D2A74009B5AF}.Release|x64.Build.0 = Release|Any CPU
		{00A2FD43-8A81-4BC3-A04E-A58A4B6D09F7}.Debug|Any CPU.ActiveCfg = Debug|Any CPU
		{00A2FD43-8A81-4BC3-A04E-A58A4B6D09F7}.Debug|Any CPU.Build.0 = Debug|Any CPU
		{00A2FD43-8A81-4BC3-A04E-A58A4B6D09F7}.Debug|x64.ActiveCfg = Debug|Any CPU
		{00A2FD43-8A81-4BC3-A04E-A58A4B6D09F7}.Debug|x64.Build.0 = Debug|Any CPU
		{00A2FD43-8A81-4BC3-A04E-A58A4B6D09F7}.Release|Any CPU.ActiveCfg = Release|Any CPU
		{00A2FD43-8A81-4BC3-A04E-A58A4B6D09F7}.Release|Any CPU.Build.0 = Release|Any CPU
		{00A2FD43-8A81-4BC3-A04E-A58A4B6D09F7}.Release|x64.ActiveCfg = Release|Any CPU
		{00A2FD43-8A81-4BC3-A04E-A58A4B6D09F7}.Release|x64.Build.0 = Release|Any CPU
		{5ABCCC05-B6C3-45CE-9534-CCCDE317276D}.Debug|Any CPU.ActiveCfg = Debug|Any CPU
		{5ABCCC05-B6C3-45CE-9534-CCCDE317276D}.Debug|Any CPU.Build.0 = Debug|Any CPU
		{5ABCCC05-B6C3-45CE-9534-CCCDE317276D}.Debug|x64.ActiveCfg = Debug|Any CPU
		{5ABCCC05-B6C3-45CE-9534-CCCDE317276D}.Debug|x64.Build.0 = Debug|Any CPU
		{5ABCCC05-B6C3-45CE-9534-CCCDE317276D}.Release|Any CPU.ActiveCfg = Release|Any CPU
		{5ABCCC05-B6C3-45CE-9534-CCCDE317276D}.Release|Any CPU.Build.0 = Release|Any CPU
		{5ABCCC05-B6C3-45CE-9534-CCCDE317276D}.Release|x64.ActiveCfg = Release|Any CPU
		{5ABCCC05-B6C3-45CE-9534-CCCDE317276D}.Release|x64.Build.0 = Release|Any CPU
		{91A09064-C1DE-4231-B3F0-4ABCFB10B926}.Debug|Any CPU.ActiveCfg = Debug|Any CPU
		{91A09064-C1DE-4231-B3F0-4ABCFB10B926}.Debug|Any CPU.Build.0 = Debug|Any CPU
		{91A09064-C1DE-4231-B3F0-4ABCFB10B926}.Debug|x64.ActiveCfg = Debug|Any CPU
		{91A09064-C1DE-4231-B3F0-4ABCFB10B926}.Debug|x64.Build.0 = Debug|Any CPU
		{91A09064-C1DE-4231-B3F0-4ABCFB10B926}.Release|Any CPU.ActiveCfg = Release|Any CPU
		{91A09064-C1DE-4231-B3F0-4ABCFB10B926}.Release|Any CPU.Build.0 = Release|Any CPU
		{91A09064-C1DE-4231-B3F0-4ABCFB10B926}.Release|x64.ActiveCfg = Release|Any CPU
		{91A09064-C1DE-4231-B3F0-4ABCFB10B926}.Release|x64.Build.0 = Release|Any CPU
		{3A410790-DDAE-4266-B83D-69598B1C43C6}.Debug|Any CPU.ActiveCfg = Debug|Any CPU
		{3A410790-DDAE-4266-B83D-69598B1C43C6}.Debug|Any CPU.Build.0 = Debug|Any CPU
		{3A410790-DDAE-4266-B83D-69598B1C43C6}.Debug|x64.ActiveCfg = Debug|Any CPU
		{3A410790-DDAE-4266-B83D-69598B1C43C6}.Debug|x64.Build.0 = Debug|Any CPU
		{3A410790-DDAE-4266-B83D-69598B1C43C6}.Release|Any CPU.ActiveCfg = Release|Any CPU
		{3A410790-DDAE-4266-B83D-69598B1C43C6}.Release|Any CPU.Build.0 = Release|Any CPU
		{3A410790-DDAE-4266-B83D-69598B1C43C6}.Release|x64.ActiveCfg = Release|Any CPU
		{3A410790-DDAE-4266-B83D-69598B1C43C6}.Release|x64.Build.0 = Release|Any CPU
		{22CAFFF5-49BF-4819-9BAB-E24906EF2F6A}.Debug|Any CPU.ActiveCfg = Debug|Any CPU
		{22CAFFF5-49BF-4819-9BAB-E24906EF2F6A}.Debug|Any CPU.Build.0 = Debug|Any CPU
		{22CAFFF5-49BF-4819-9BAB-E24906EF2F6A}.Debug|x64.ActiveCfg = Debug|Any CPU
		{22CAFFF5-49BF-4819-9BAB-E24906EF2F6A}.Debug|x64.Build.0 = Debug|Any CPU
		{22CAFFF5-49BF-4819-9BAB-E24906EF2F6A}.Release|Any CPU.ActiveCfg = Release|Any CPU
		{22CAFFF5-49BF-4819-9BAB-E24906EF2F6A}.Release|Any CPU.Build.0 = Release|Any CPU
		{22CAFFF5-49BF-4819-9BAB-E24906EF2F6A}.Release|x64.ActiveCfg = Release|Any CPU
		{22CAFFF5-49BF-4819-9BAB-E24906EF2F6A}.Release|x64.Build.0 = Release|Any CPU
		{1811BB51-A4D1-43D5-8469-BF43B8F4F596}.Debug|Any CPU.ActiveCfg = Debug|Any CPU
		{1811BB51-A4D1-43D5-8469-BF43B8F4F596}.Debug|Any CPU.Build.0 = Debug|Any CPU
		{1811BB51-A4D1-43D5-8469-BF43B8F4F596}.Debug|x64.ActiveCfg = Debug|Any CPU
		{1811BB51-A4D1-43D5-8469-BF43B8F4F596}.Debug|x64.Build.0 = Debug|Any CPU
		{1811BB51-A4D1-43D5-8469-BF43B8F4F596}.Release|Any CPU.ActiveCfg = Release|Any CPU
		{1811BB51-A4D1-43D5-8469-BF43B8F4F596}.Release|Any CPU.Build.0 = Release|Any CPU
		{1811BB51-A4D1-43D5-8469-BF43B8F4F596}.Release|x64.ActiveCfg = Release|Any CPU
		{1811BB51-A4D1-43D5-8469-BF43B8F4F596}.Release|x64.Build.0 = Release|Any CPU
		{234BE945-7A58-48CC-BBD8-08324D5ED450}.Debug|Any CPU.ActiveCfg = Debug|Any CPU
		{234BE945-7A58-48CC-BBD8-08324D5ED450}.Debug|Any CPU.Build.0 = Debug|Any CPU
		{234BE945-7A58-48CC-BBD8-08324D5ED450}.Debug|x64.ActiveCfg = Debug|Any CPU
		{234BE945-7A58-48CC-BBD8-08324D5ED450}.Debug|x64.Build.0 = Debug|Any CPU
		{234BE945-7A58-48CC-BBD8-08324D5ED450}.Release|Any CPU.ActiveCfg = Release|Any CPU
		{234BE945-7A58-48CC-BBD8-08324D5ED450}.Release|Any CPU.Build.0 = Release|Any CPU
		{234BE945-7A58-48CC-BBD8-08324D5ED450}.Release|x64.ActiveCfg = Release|Any CPU
		{234BE945-7A58-48CC-BBD8-08324D5ED450}.Release|x64.Build.0 = Release|Any CPU
		{7ECD279A-CF1A-4B85-9FEB-4498838EA310}.Debug|Any CPU.ActiveCfg = Debug|Any CPU
		{7ECD279A-CF1A-4B85-9FEB-4498838EA310}.Debug|Any CPU.Build.0 = Debug|Any CPU
		{7ECD279A-CF1A-4B85-9FEB-4498838EA310}.Debug|x64.ActiveCfg = Debug|Any CPU
		{7ECD279A-CF1A-4B85-9FEB-4498838EA310}.Debug|x64.Build.0 = Debug|Any CPU
		{7ECD279A-CF1A-4B85-9FEB-4498838EA310}.Release|Any CPU.ActiveCfg = Release|Any CPU
		{7ECD279A-CF1A-4B85-9FEB-4498838EA310}.Release|Any CPU.Build.0 = Release|Any CPU
		{7ECD279A-CF1A-4B85-9FEB-4498838EA310}.Release|x64.ActiveCfg = Release|Any CPU
		{7ECD279A-CF1A-4B85-9FEB-4498838EA310}.Release|x64.Build.0 = Release|Any CPU
		{D26669FE-8A76-41F3-A1B0-4511696CC5AA}.Debug|Any CPU.ActiveCfg = Debug|Any CPU
		{D26669FE-8A76-41F3-A1B0-4511696CC5AA}.Debug|Any CPU.Build.0 = Debug|Any CPU
		{D26669FE-8A76-41F3-A1B0-4511696CC5AA}.Debug|x64.ActiveCfg = Debug|Any CPU
		{D26669FE-8A76-41F3-A1B0-4511696CC5AA}.Debug|x64.Build.0 = Debug|Any CPU
		{D26669FE-8A76-41F3-A1B0-4511696CC5AA}.Release|Any CPU.ActiveCfg = Release|Any CPU
		{D26669FE-8A76-41F3-A1B0-4511696CC5AA}.Release|Any CPU.Build.0 = Release|Any CPU
		{D26669FE-8A76-41F3-A1B0-4511696CC5AA}.Release|x64.ActiveCfg = Release|Any CPU
		{D26669FE-8A76-41F3-A1B0-4511696CC5AA}.Release|x64.Build.0 = Release|Any CPU
		{00566FBC-D527-46E7-9A13-D22D71E85EF4}.Debug|Any CPU.ActiveCfg = Debug|Any CPU
		{00566FBC-D527-46E7-9A13-D22D71E85EF4}.Debug|Any CPU.Build.0 = Debug|Any CPU
		{00566FBC-D527-46E7-9A13-D22D71E85EF4}.Debug|x64.ActiveCfg = Debug|Any CPU
		{00566FBC-D527-46E7-9A13-D22D71E85EF4}.Debug|x64.Build.0 = Debug|Any CPU
		{00566FBC-D527-46E7-9A13-D22D71E85EF4}.Release|Any CPU.ActiveCfg = Release|Any CPU
		{00566FBC-D527-46E7-9A13-D22D71E85EF4}.Release|Any CPU.Build.0 = Release|Any CPU
		{00566FBC-D527-46E7-9A13-D22D71E85EF4}.Release|x64.ActiveCfg = Release|Any CPU
		{00566FBC-D527-46E7-9A13-D22D71E85EF4}.Release|x64.Build.0 = Release|Any CPU
	EndGlobalSection
	GlobalSection(SolutionProperties) = preSolution
		HideSolutionNode = FALSE
	EndGlobalSection
	GlobalSection(NestedProjects) = preSolution
		{91A09064-C1DE-4231-B3F0-4ABCFB10B926} = {1DFCBD04-9623-4465-B283-15E72218502D}
		{3A410790-DDAE-4266-B83D-69598B1C43C6} = {1DFCBD04-9623-4465-B283-15E72218502D}
		{22CAFFF5-49BF-4819-9BAB-E24906EF2F6A} = {36B3C8AB-99A5-4E78-9BE5-34C29E2A6092}
		{1811BB51-A4D1-43D5-8469-BF43B8F4F596} = {1DFCBD04-9623-4465-B283-15E72218502D}
		{234BE945-7A58-48CC-BBD8-08324D5ED450} = {36B3C8AB-99A5-4E78-9BE5-34C29E2A6092}
		{7ECD279A-CF1A-4B85-9FEB-4498838EA310} = {1DFCBD04-9623-4465-B283-15E72218502D}
		{D26669FE-8A76-41F3-A1B0-4511696CC5AA} = {1DFCBD04-9623-4465-B283-15E72218502D}
		{00566FBC-D527-46E7-9A13-D22D71E85EF4} = {1DFCBD04-9623-4465-B283-15E72218502D}
	EndGlobalSection
	GlobalSection(ExtensibilityGlobals) = postSolution
		SolutionGuid = {8C826E08-5D4F-456E-8F5A-084B9139C186}
	EndGlobalSection
EndGlobal
